// !$*UTF8*$!
{
	archiveVersion = 1;
	classes = {
	};
	objectVersion = 50;
	objects = {

/* Begin PBXBuildFile section */
		A0088697262D688E00C86BF6 /* AppDelegate.swift in Sources */ = {isa = PBXBuildFile; fileRef = A0088696262D688E00C86BF6 /* AppDelegate.swift */; };
		A0088699262D688E00C86BF6 /* SceneDelegate.swift in Sources */ = {isa = PBXBuildFile; fileRef = A0088698262D688E00C86BF6 /* SceneDelegate.swift */; };
		A008869B262D688E00C86BF6 /* ViewController.swift in Sources */ = {isa = PBXBuildFile; fileRef = A008869A262D688E00C86BF6 /* ViewController.swift */; };
		A008869E262D688E00C86BF6 /* Main.storyboard in Resources */ = {isa = PBXBuildFile; fileRef = A008869C262D688E00C86BF6 /* Main.storyboard */; };
		A00886A3262D688F00C86BF6 /* LaunchScreen.storyboard in Resources */ = {isa = PBXBuildFile; fileRef = A00886A1262D688F00C86BF6 /* LaunchScreen.storyboard */; };
		A00886B9262D6AC000C86BF6 /* Dish.swift in Sources */ = {isa = PBXBuildFile; fileRef = A00886B8262D6AC000C86BF6 /* Dish.swift */; };
		AE85994E262EB3FD0033C525 /* DishCell.swift in Sources */ = {isa = PBXBuildFile; fileRef = AE85994C262EB3FD0033C525 /* DishCell.swift */; };
		AE85994F262EB3FD0033C525 /* DishCell.xib in Resources */ = {isa = PBXBuildFile; fileRef = AE85994D262EB3FD0033C525 /* DishCell.xib */; };
		AE859953262EB8630033C525 /* MainDishViewController.swift in Sources */ = {isa = PBXBuildFile; fileRef = AE859952262EB8630033C525 /* MainDishViewController.swift */; };
		AEAE35642635B42B00A91A03 /* MainViewModel.swift in Sources */ = {isa = PBXBuildFile; fileRef = AEAE35632635B42B00A91A03 /* MainViewModel.swift */; };
		AEAE35672635B73D00A91A03 /* NetworkService.swift in Sources */ = {isa = PBXBuildFile; fileRef = AEAE35662635B73D00A91A03 /* NetworkService.swift */; };
		AEBD83532637A1FD0037D8AE /* DishSupplementaryView.swift in Sources */ = {isa = PBXBuildFile; fileRef = AEBD83512637A1FD0037D8AE /* DishSupplementaryView.swift */; };
		AEBD83542637A1FD0037D8AE /* DishSupplementaryView.xib in Resources */ = {isa = PBXBuildFile; fileRef = AEBD83522637A1FD0037D8AE /* DishSupplementaryView.xib */; };
		A00886B9262D6AC000C86BF6 /* ProductModel.swift in Sources */ = {isa = PBXBuildFile; fileRef = A00886B8262D6AC000C86BF6 /* ProductModel.swift */; };
		A0AD065026311BD2005D476E /* ProductDetailContainer.swift in Sources */ = {isa = PBXBuildFile; fileRef = A0AD064F26311BD2005D476E /* ProductDetailContainer.swift */; };
		A0AD065326311BF9005D476E /* DeliveryConditionContainer.swift in Sources */ = {isa = PBXBuildFile; fileRef = A0AD065226311BF9005D476E /* DeliveryConditionContainer.swift */; };
		A0AD065626311C53005D476E /* OrderQuantityContainer.swift in Sources */ = {isa = PBXBuildFile; fileRef = A0AD065526311C53005D476E /* OrderQuantityContainer.swift */; };
		A0AD065926311C5D005D476E /* OrderInfoContainer.swift in Sources */ = {isa = PBXBuildFile; fileRef = A0AD065826311C5D005D476E /* OrderInfoContainer.swift */; };
		A0AD398F2630051D0002FE24 /* OrderQuantity.swift in Sources */ = {isa = PBXBuildFile; fileRef = A0AD398E2630051D0002FE24 /* OrderQuantity.swift */; };
		A0AD3992263005640002FE24 /* OrderInfo.swift in Sources */ = {isa = PBXBuildFile; fileRef = A0AD3991263005640002FE24 /* OrderInfo.swift */; };
		A0AD3995263005F10002FE24 /* ProductDescriptionImage.swift in Sources */ = {isa = PBXBuildFile; fileRef = A0AD3994263005F10002FE24 /* ProductDescriptionImage.swift */; };
		A0AD39982630066A0002FE24 /* DeliveryCondition.swift in Sources */ = {isa = PBXBuildFile; fileRef = A0AD39972630066A0002FE24 /* DeliveryCondition.swift */; };
		A0AD39A326300C810002FE24 /* ProductDetailView.swift in Sources */ = {isa = PBXBuildFile; fileRef = A0AD39A226300C810002FE24 /* ProductDetailView.swift */; };
		A0AD39A726304E850002FE24 /* ContainerView.swift in Sources */ = {isa = PBXBuildFile; fileRef = A0AD39A626304E850002FE24 /* ContainerView.swift */; };
		A0BC80F9262EB74900269837 /* ProductDetailViewController.swift in Sources */ = {isa = PBXBuildFile; fileRef = A0BC80F8262EB74900269837 /* ProductDetailViewController.swift */; };
		A0BC80FC262EB75A00269837 /* ProductDetailModel.swift in Sources */ = {isa = PBXBuildFile; fileRef = A0BC80FB262EB75A00269837 /* ProductDetailModel.swift */; };
		A0BC8105262EBF8600269837 /* ProductDetail.swift in Sources */ = {isa = PBXBuildFile; fileRef = A0BC8104262EBF8600269837 /* ProductDetail.swift */; };
		A0E884B326325C7D009353CC /* Assets.xcassets in Resources */ = {isa = PBXBuildFile; fileRef = A0E884B226325C7D009353CC /* Assets.xcassets */; };
/* End PBXBuildFile section */

/* Begin PBXFileReference section */
		A0088693262D688E00C86BF6 /* SidedishApp.app */ = {isa = PBXFileReference; explicitFileType = wrapper.application; includeInIndex = 0; path = SidedishApp.app; sourceTree = BUILT_PRODUCTS_DIR; };
		A0088696262D688E00C86BF6 /* AppDelegate.swift */ = {isa = PBXFileReference; lastKnownFileType = sourcecode.swift; path = AppDelegate.swift; sourceTree = "<group>"; };
		A0088698262D688E00C86BF6 /* SceneDelegate.swift */ = {isa = PBXFileReference; lastKnownFileType = sourcecode.swift; path = SceneDelegate.swift; sourceTree = "<group>"; };
		A008869A262D688E00C86BF6 /* ViewController.swift */ = {isa = PBXFileReference; lastKnownFileType = sourcecode.swift; path = ViewController.swift; sourceTree = "<group>"; };
		A008869D262D688E00C86BF6 /* Base */ = {isa = PBXFileReference; lastKnownFileType = file.storyboard; name = Base; path = Base.lproj/Main.storyboard; sourceTree = "<group>"; };
		A00886A2262D688F00C86BF6 /* Base */ = {isa = PBXFileReference; lastKnownFileType = file.storyboard; name = Base; path = Base.lproj/LaunchScreen.storyboard; sourceTree = "<group>"; };
		A00886A4262D688F00C86BF6 /* Info.plist */ = {isa = PBXFileReference; lastKnownFileType = text.plist.xml; path = Info.plist; sourceTree = "<group>"; };
		A00886B8262D6AC000C86BF6 /* Dish.swift */ = {isa = PBXFileReference; lastKnownFileType = sourcecode.swift; path = Dish.swift; sourceTree = "<group>"; };
		AE85994C262EB3FD0033C525 /* DishCell.swift */ = {isa = PBXFileReference; lastKnownFileType = sourcecode.swift; path = DishCell.swift; sourceTree = "<group>"; };
		AE85994D262EB3FD0033C525 /* DishCell.xib */ = {isa = PBXFileReference; lastKnownFileType = file.xib; path = DishCell.xib; sourceTree = "<group>"; };
		AE859952262EB8630033C525 /* MainDishViewController.swift */ = {isa = PBXFileReference; lastKnownFileType = sourcecode.swift; path = MainDishViewController.swift; sourceTree = "<group>"; };
		AEAE35632635B42B00A91A03 /* MainViewModel.swift */ = {isa = PBXFileReference; lastKnownFileType = sourcecode.swift; path = MainViewModel.swift; sourceTree = "<group>"; };
		AEAE35662635B73D00A91A03 /* NetworkService.swift */ = {isa = PBXFileReference; lastKnownFileType = sourcecode.swift; path = NetworkService.swift; sourceTree = "<group>"; };
		AEBD83512637A1FD0037D8AE /* DishSupplementaryView.swift */ = {isa = PBXFileReference; lastKnownFileType = sourcecode.swift; path = DishSupplementaryView.swift; sourceTree = "<group>"; };
		AEBD83522637A1FD0037D8AE /* DishSupplementaryView.xib */ = {isa = PBXFileReference; lastKnownFileType = file.xib; path = DishSupplementaryView.xib; sourceTree = "<group>"; };
		A0AD064F26311BD2005D476E /* ProductDetailContainer.swift */ = {isa = PBXFileReference; lastKnownFileType = sourcecode.swift; path = ProductDetailContainer.swift; sourceTree = "<group>"; };
		A0AD065226311BF9005D476E /* DeliveryConditionContainer.swift */ = {isa = PBXFileReference; lastKnownFileType = sourcecode.swift; path = DeliveryConditionContainer.swift; sourceTree = "<group>"; };
		A0AD065526311C53005D476E /* OrderQuantityContainer.swift */ = {isa = PBXFileReference; lastKnownFileType = sourcecode.swift; path = OrderQuantityContainer.swift; sourceTree = "<group>"; };
		A0AD065826311C5D005D476E /* OrderInfoContainer.swift */ = {isa = PBXFileReference; lastKnownFileType = sourcecode.swift; path = OrderInfoContainer.swift; sourceTree = "<group>"; };
		A0AD398E2630051D0002FE24 /* OrderQuantity.swift */ = {isa = PBXFileReference; lastKnownFileType = sourcecode.swift; path = OrderQuantity.swift; sourceTree = "<group>"; };
		A0AD3991263005640002FE24 /* OrderInfo.swift */ = {isa = PBXFileReference; lastKnownFileType = sourcecode.swift; path = OrderInfo.swift; sourceTree = "<group>"; };
		A0AD3994263005F10002FE24 /* ProductDescriptionImage.swift */ = {isa = PBXFileReference; lastKnownFileType = sourcecode.swift; path = ProductDescriptionImage.swift; sourceTree = "<group>"; };
		A0AD39972630066A0002FE24 /* DeliveryCondition.swift */ = {isa = PBXFileReference; lastKnownFileType = sourcecode.swift; path = DeliveryCondition.swift; sourceTree = "<group>"; };
		A0AD39A226300C810002FE24 /* ProductDetailView.swift */ = {isa = PBXFileReference; lastKnownFileType = sourcecode.swift; path = ProductDetailView.swift; sourceTree = "<group>"; };
		A0AD39A626304E850002FE24 /* ContainerView.swift */ = {isa = PBXFileReference; lastKnownFileType = sourcecode.swift; path = ContainerView.swift; sourceTree = "<group>"; };
		A0BC80F8262EB74900269837 /* ProductDetailViewController.swift */ = {isa = PBXFileReference; lastKnownFileType = sourcecode.swift; path = ProductDetailViewController.swift; sourceTree = "<group>"; };
		A0BC80FB262EB75A00269837 /* ProductDetailModel.swift */ = {isa = PBXFileReference; lastKnownFileType = sourcecode.swift; path = ProductDetailModel.swift; sourceTree = "<group>"; };
		A0BC8104262EBF8600269837 /* ProductDetail.swift */ = {isa = PBXFileReference; lastKnownFileType = sourcecode.swift; path = ProductDetail.swift; sourceTree = "<group>"; };
		A0E884B226325C7D009353CC /* Assets.xcassets */ = {isa = PBXFileReference; lastKnownFileType = folder.assetcatalog; path = Assets.xcassets; sourceTree = "<group>"; };
/* End PBXFileReference section */

/* Begin PBXFrameworksBuildPhase section */
		A0088690262D688E00C86BF6 /* Frameworks */ = {
			isa = PBXFrameworksBuildPhase;
			buildActionMask = 2147483647;
			files = (
			);
			runOnlyForDeploymentPostprocessing = 0;
		};
/* End PBXFrameworksBuildPhase section */

/* Begin PBXGroup section */
		A008868A262D688E00C86BF6 = {
			isa = PBXGroup;
			children = (
				A0088695262D688E00C86BF6 /* SidedishApp */,
				A00886B5262D698E00C86BF6 /* Base */,
				A00886A4262D688F00C86BF6 /* Info.plist */,
				A0088694262D688E00C86BF6 /* Products */,
			);
			sourceTree = "<group>";
		};
		A0088694262D688E00C86BF6 /* Products */ = {
			isa = PBXGroup;
			children = (
				A0088693262D688E00C86BF6 /* SidedishApp.app */,
			);
			name = Products;
			sourceTree = "<group>";
		};
		A0088695262D688E00C86BF6 /* SidedishApp */ = {
			isa = PBXGroup;
			children = (
				A00886AC262D690D00C86BF6 /* Main */,
				A00886AB262D68FF00C86BF6 /* ProductDetail */,
				AEAE35662635B73D00A91A03 /* NetworkService.swift */,
			);
			path = SidedishApp;
			sourceTree = "<group>";
		};
		A00886AB262D68FF00C86BF6 /* ProductDetail */ = {
			isa = PBXGroup;
			children = (
				A00886B1262D692E00C86BF6 /* Controller */,
				A00886B3262D693C00C86BF6 /* Model */,
				A00886B4262D694000C86BF6 /* View */,
				A00886B2262D693400C86BF6 /* ViewModel */,
			);
			path = ProductDetail;
			sourceTree = "<group>";
		};
		A00886AC262D690D00C86BF6 /* Main */ = {
			isa = PBXGroup;
			children = (
				A00886AF262D691E00C86BF6 /* ViewModel */,
				A00886B0262D692300C86BF6 /* View */,
				A00886AD262D691400C86BF6 /* Model */,
			);
			path = Main;
			sourceTree = "<group>";
		};
		A00886AD262D691400C86BF6 /* Model */ = {
			isa = PBXGroup;
			children = (
				A00886B8262D6AC000C86BF6 /* Dish.swift */,
			);
			path = Model;
			sourceTree = "<group>";
		};
		A00886AE262D691700C86BF6 /* Cell */ = {
			isa = PBXGroup;
			children = (
				AE85994C262EB3FD0033C525 /* DishCell.swift */,
				AEBD83512637A1FD0037D8AE /* DishSupplementaryView.swift */,
				AEBD83522637A1FD0037D8AE /* DishSupplementaryView.xib */,
				AE85994D262EB3FD0033C525 /* DishCell.xib */,
			);
			path = Cell;
			sourceTree = "<group>";
		};
		A00886AF262D691E00C86BF6 /* ViewModel */ = {
			isa = PBXGroup;
			children = (
				AEAE35632635B42B00A91A03 /* MainViewModel.swift */,
			);
			path = ViewModel;
			sourceTree = "<group>";
		};
		A00886B0262D692300C86BF6 /* View */ = {
			isa = PBXGroup;
			children = (
				A008869A262D688E00C86BF6 /* ViewController.swift */,
				AE859952262EB8630033C525 /* MainDishViewController.swift */,
				A00886AE262D691700C86BF6 /* Cell */,
			);
			path = View;
			sourceTree = "<group>";
		};
		A00886B1262D692E00C86BF6 /* Controller */ = {
			isa = PBXGroup;
			children = (
				A0BC80F8262EB74900269837 /* ProductDetailViewController.swift */,
			);
			path = Controller;
			sourceTree = "<group>";
		};
		A00886B2262D693400C86BF6 /* ViewModel */ = {
			isa = PBXGroup;
			children = (
				A0BC8104262EBF8600269837 /* ProductDetail.swift */,
				A0AD39972630066A0002FE24 /* DeliveryCondition.swift */,
				A0AD398E2630051D0002FE24 /* OrderQuantity.swift */,
				A0AD3991263005640002FE24 /* OrderInfo.swift */,
				A0AD3994263005F10002FE24 /* ProductDescriptionImage.swift */,
			);
			path = ViewModel;
			sourceTree = "<group>";
		};
		A00886B3262D693C00C86BF6 /* Model */ = {
			isa = PBXGroup;
			children = (
				A0BC80FB262EB75A00269837 /* ProductDetailModel.swift */,
			);
			path = Model;
			sourceTree = "<group>";
		};
		A00886B4262D694000C86BF6 /* View */ = {
			isa = PBXGroup;
			children = (
				A0AD39A226300C810002FE24 /* ProductDetailView.swift */,
				A0AD39A626304E850002FE24 /* ContainerView.swift */,
				A0AD064F26311BD2005D476E /* ProductDetailContainer.swift */,
				A0AD065226311BF9005D476E /* DeliveryConditionContainer.swift */,
				A0AD065526311C53005D476E /* OrderQuantityContainer.swift */,
				A0AD065826311C5D005D476E /* OrderInfoContainer.swift */,
			);
			path = View;
			sourceTree = "<group>";
		};
		A00886B5262D698E00C86BF6 /* Base */ = {
			isa = PBXGroup;
			children = (
				A0088696262D688E00C86BF6 /* AppDelegate.swift */,
				A0088698262D688E00C86BF6 /* SceneDelegate.swift */,
				A008869C262D688E00C86BF6 /* Main.storyboard */,
				A00886A1262D688F00C86BF6 /* LaunchScreen.storyboard */,
				A0E884B226325C7D009353CC /* Assets.xcassets */,
			);
			path = Base;
			sourceTree = "<group>";
		};
/* End PBXGroup section */

/* Begin PBXNativeTarget section */
		A0088692262D688E00C86BF6 /* SidedishApp */ = {
			isa = PBXNativeTarget;
			buildConfigurationList = A00886A7262D688F00C86BF6 /* Build configuration list for PBXNativeTarget "SidedishApp" */;
			buildPhases = (
				A008868F262D688E00C86BF6 /* Sources */,
				A0088690262D688E00C86BF6 /* Frameworks */,
				A0088691262D688E00C86BF6 /* Resources */,
			);
			buildRules = (
			);
			dependencies = (
			);
			name = SidedishApp;
			productName = SidedishApp;
			productReference = A0088693262D688E00C86BF6 /* SidedishApp.app */;
			productType = "com.apple.product-type.application";
		};
/* End PBXNativeTarget section */

/* Begin PBXProject section */
		A008868B262D688E00C86BF6 /* Project object */ = {
			isa = PBXProject;
			attributes = {
				LastSwiftUpdateCheck = 1240;
				LastUpgradeCheck = 1240;
				TargetAttributes = {
					A0088692262D688E00C86BF6 = {
						CreatedOnToolsVersion = 12.4;
					};
				};
			};
			buildConfigurationList = A008868E262D688E00C86BF6 /* Build configuration list for PBXProject "SidedishApp" */;
			compatibilityVersion = "Xcode 9.3";
			developmentRegion = en;
			hasScannedForEncodings = 0;
			knownRegions = (
				en,
				Base,
			);
			mainGroup = A008868A262D688E00C86BF6;
			productRefGroup = A0088694262D688E00C86BF6 /* Products */;
			projectDirPath = "";
			projectRoot = "";
			targets = (
				A0088692262D688E00C86BF6 /* SidedishApp */,
			);
		};
/* End PBXProject section */

/* Begin PBXResourcesBuildPhase section */
		A0088691262D688E00C86BF6 /* Resources */ = {
			isa = PBXResourcesBuildPhase;
			buildActionMask = 2147483647;
			files = (
				AEBD83542637A1FD0037D8AE /* DishSupplementaryView.xib in Resources */,
				A00886A3262D688F00C86BF6 /* LaunchScreen.storyboard in Resources */,
				AE85994F262EB3FD0033C525 /* DishCell.xib in Resources */,
				A00886A0262D688F00C86BF6 /* Assets.xcassets in Resources */,
				A008869E262D688E00C86BF6 /* Main.storyboard in Resources */,
			);
			runOnlyForDeploymentPostprocessing = 0;
		};
/* End PBXResourcesBuildPhase section */

/* Begin PBXSourcesBuildPhase section */
		A008868F262D688E00C86BF6 /* Sources */ = {
			isa = PBXSourcesBuildPhase;
			buildActionMask = 2147483647;
			files = (
				AEAE35642635B42B00A91A03 /* MainViewModel.swift in Sources */,
				A008869B262D688E00C86BF6 /* ViewController.swift in Sources */,
				AEAE35672635B73D00A91A03 /* NetworkService.swift in Sources */,
				A0088697262D688E00C86BF6 /* AppDelegate.swift in Sources */,
				AE85994E262EB3FD0033C525 /* DishCell.swift in Sources */,
				AE859953262EB8630033C525 /* MainDishViewController.swift in Sources */,
				AEBD83532637A1FD0037D8AE /* DishSupplementaryView.swift in Sources */,
				A0088699262D688E00C86BF6 /* SceneDelegate.swift in Sources */,
				A00886B9262D6AC000C86BF6 /* Dish.swift in Sources */,
				A0AD3995263005F10002FE24 /* ProductDescriptionImage.swift in Sources */,
				A0AD39A326300C810002FE24 /* ProductDetailView.swift in Sources */,
				A0AD3992263005640002FE24 /* OrderInfo.swift in Soures */,
				A0AD065626311C53005D476E /* OrderQuantityContainer.swcift in Sources */,
				A0AD39982630066A0002FE24 /* DeliveryCondition.swift in Sources */,
				A0BC80FC262EB75A00269837 /* ProductDetailModel.swift in Sources */,
				A0AD398F2630051D0002FE24 /* OrderQuantity.swift in Sources */,
				A0BC80F9262EB74900269837 /* ProductDetailViewController.swift in Sources */,
				A0AD39A726304E850002FE24 /* ContainerView.swift in Sources */,
				A0AD065926311C5D005D476E /* OrderInfoContainer.swift in Sources */,
				A0AD065026311BD2005D476E /* ProductDetailContainer.swift in Sources */,
				A0BC8105262EBF8600269837 /* ProductDetail.swift in Sources */,
				A0AD065326311BF9005D476E /* DeliveryConditionContainer.swift in Sources */,
			);
			runOnlyForDeploymentPostprocessing = 0;
		};
/* End PBXSourcesBuildPhase section */

/* Begin PBXVariantGroup section */
		A008869C262D688E00C86BF6 /* Main.storyboard */ = {
			isa = PBXVariantGroup;
			children = (
				A008869D262D688E00C86BF6 /* Base */,
			);
			name = Main.storyboard;
			sourceTree = "<group>";
		};
		A00886A1262D688F00C86BF6 /* LaunchScreen.storyboard */ = {
			isa = PBXVariantGroup;
			children = (
				A00886A2262D688F00C86BF6 /* Base */,
			);
			name = LaunchScreen.storyboard;
			sourceTree = "<group>";
		};
/* End PBXVariantGroup section */

/* Begin XCBuildConfiguration section */
		A00886A5262D688F00C86BF6 /* Debug */ = {
			isa = XCBuildConfiguration;
			buildSettings = {
				ALWAYS_SEARCH_USER_PATHS = NO;
				CLANG_ANALYZER_NONNULL = YES;
				CLANG_ANALYZER_NUMBER_OBJECT_CONVERSION = YES_AGGRESSIVE;
				CLANG_CXX_LANGUAGE_STANDARD = "gnu++14";
				CLANG_CXX_LIBRARY = "libc++";
				CLANG_ENABLE_MODULES = YES;
				CLANG_ENABLE_OBJC_ARC = YES;
				CLANG_ENABLE_OBJC_WEAK = YES;
				CLANG_WARN_BLOCK_CAPTURE_AUTORELEASING = YES;
				CLANG_WARN_BOOL_CONVERSION = YES;
				CLANG_WARN_COMMA = YES;
				CLANG_WARN_CONSTANT_CONVERSION = YES;
				CLANG_WARN_DEPRECATED_OBJC_IMPLEMENTATIONS = YES;
				CLANG_WARN_DIRECT_OBJC_ISA_USAGE = YES_ERROR;
				CLANG_WARN_DOCUMENTATION_COMMENTS = YES;
				CLANG_WARN_EMPTY_BODY = YES;
				CLANG_WARN_ENUM_CONVERSION = YES;
				CLANG_WARN_INFINITE_RECURSION = YES;
				CLANG_WARN_INT_CONVERSION = YES;
				CLANG_WARN_NON_LITERAL_NULL_CONVERSION = YES;
				CLANG_WARN_OBJC_IMPLICIT_RETAIN_SELF = YES;
				CLANG_WARN_OBJC_LITERAL_CONVERSION = YES;
				CLANG_WARN_OBJC_ROOT_CLASS = YES_ERROR;
				CLANG_WARN_QUOTED_INCLUDE_IN_FRAMEWORK_HEADER = YES;
				CLANG_WARN_RANGE_LOOP_ANALYSIS = YES;
				CLANG_WARN_STRICT_PROTOTYPES = YES;
				CLANG_WARN_SUSPICIOUS_MOVE = YES;
				CLANG_WARN_UNGUARDED_AVAILABILITY = YES_AGGRESSIVE;
				CLANG_WARN_UNREACHABLE_CODE = YES;
				CLANG_WARN__DUPLICATE_METHOD_MATCH = YES;
				COPY_PHASE_STRIP = NO;
				DEBUG_INFORMATION_FORMAT = dwarf;
				ENABLE_STRICT_OBJC_MSGSEND = YES;
				ENABLE_TESTABILITY = YES;
				GCC_C_LANGUAGE_STANDARD = gnu11;
				GCC_DYNAMIC_NO_PIC = NO;
				GCC_NO_COMMON_BLOCKS = YES;
				GCC_OPTIMIZATION_LEVEL = 0;
				GCC_PREPROCESSOR_DEFINITIONS = (
					"DEBUG=1",
					"$(inherited)",
				);
				GCC_WARN_64_TO_32_BIT_CONVERSION = YES;
				GCC_WARN_ABOUT_RETURN_TYPE = YES_ERROR;
				GCC_WARN_UNDECLARED_SELECTOR = YES;
				GCC_WARN_UNINITIALIZED_AUTOS = YES_AGGRESSIVE;
				GCC_WARN_UNUSED_FUNCTION = YES;
				GCC_WARN_UNUSED_VARIABLE = YES;
				IPHONEOS_DEPLOYMENT_TARGET = 14.4;
				MTL_ENABLE_DEBUG_INFO = INCLUDE_SOURCE;
				MTL_FAST_MATH = YES;
				ONLY_ACTIVE_ARCH = YES;
				SDKROOT = iphoneos;
				SWIFT_ACTIVE_COMPILATION_CONDITIONS = DEBUG;
				SWIFT_OPTIMIZATION_LEVEL = "-Onone";
			};
			name = Debug;
		};
		A00886A6262D688F00C86BF6 /* Release */ = {
			isa = XCBuildConfiguration;
			buildSettings = {
				ALWAYS_SEARCH_USER_PATHS = NO;
				CLANG_ANALYZER_NONNULL = YES;
				CLANG_ANALYZER_NUMBER_OBJECT_CONVERSION = YES_AGGRESSIVE;
				CLANG_CXX_LANGUAGE_STANDARD = "gnu++14";
				CLANG_CXX_LIBRARY = "libc++";
				CLANG_ENABLE_MODULES = YES;
				CLANG_ENABLE_OBJC_ARC = YES;
				CLANG_ENABLE_OBJC_WEAK = YES;
				CLANG_WARN_BLOCK_CAPTURE_AUTORELEASING = YES;
				CLANG_WARN_BOOL_CONVERSION = YES;
				CLANG_WARN_COMMA = YES;
				CLANG_WARN_CONSTANT_CONVERSION = YES;
				CLANG_WARN_DEPRECATED_OBJC_IMPLEMENTATIONS = YES;
				CLANG_WARN_DIRECT_OBJC_ISA_USAGE = YES_ERROR;
				CLANG_WARN_DOCUMENTATION_COMMENTS = YES;
				CLANG_WARN_EMPTY_BODY = YES;
				CLANG_WARN_ENUM_CONVERSION = YES;
				CLANG_WARN_INFINITE_RECURSION = YES;
				CLANG_WARN_INT_CONVERSION = YES;
				CLANG_WARN_NON_LITERAL_NULL_CONVERSION = YES;
				CLANG_WARN_OBJC_IMPLICIT_RETAIN_SELF = YES;
				CLANG_WARN_OBJC_LITERAL_CONVERSION = YES;
				CLANG_WARN_OBJC_ROOT_CLASS = YES_ERROR;
				CLANG_WARN_QUOTED_INCLUDE_IN_FRAMEWORK_HEADER = YES;
				CLANG_WARN_RANGE_LOOP_ANALYSIS = YES;
				CLANG_WARN_STRICT_PROTOTYPES = YES;
				CLANG_WARN_SUSPICIOUS_MOVE = YES;
				CLANG_WARN_UNGUARDED_AVAILABILITY = YES_AGGRESSIVE;
				CLANG_WARN_UNREACHABLE_CODE = YES;
				CLANG_WARN__DUPLICATE_METHOD_MATCH = YES;
				COPY_PHASE_STRIP = NO;
				DEBUG_INFORMATION_FORMAT = "dwarf-with-dsym";
				ENABLE_NS_ASSERTIONS = NO;
				ENABLE_STRICT_OBJC_MSGSEND = YES;
				GCC_C_LANGUAGE_STANDARD = gnu11;
				GCC_NO_COMMON_BLOCKS = YES;
				GCC_WARN_64_TO_32_BIT_CONVERSION = YES;
				GCC_WARN_ABOUT_RETURN_TYPE = YES_ERROR;
				GCC_WARN_UNDECLARED_SELECTOR = YES;
				GCC_WARN_UNINITIALIZED_AUTOS = YES_AGGRESSIVE;
				GCC_WARN_UNUSED_FUNCTION = YES;
				GCC_WARN_UNUSED_VARIABLE = YES;
				IPHONEOS_DEPLOYMENT_TARGET = 14.4;
				MTL_ENABLE_DEBUG_INFO = NO;
				MTL_FAST_MATH = YES;
				SDKROOT = iphoneos;
				SWIFT_COMPILATION_MODE = wholemodule;
				SWIFT_OPTIMIZATION_LEVEL = "-O";
				VALIDATE_PRODUCT = YES;
			};
			name = Release;
		};
		A00886A8262D688F00C86BF6 /* Debug */ = {
			isa = XCBuildConfiguration;
			buildSettings = {
				ASSETCATALOG_COMPILER_APPICON_NAME = AppIcon;
				ASSETCATALOG_COMPILER_GLOBAL_ACCENT_COLOR_NAME = AccentColor;
				CODE_SIGN_STYLE = Automatic;
				DEVELOPMENT_TEAM = B3PWYBKFUK;
				INFOPLIST_FILE = /Users/gimjigyeong/Desktop/Developer/masters/sidedish/SidedishApp/Info.plist;
				LD_RUNPATH_SEARCH_PATHS = (
					"$(inherited)",
					"@executable_path/Frameworks",
				);
				PRODUCT_BUNDLE_IDENTIFIER = com.Codesquad.SimulatorTest.SidedishApp;
				PRODUCT_NAME = "$(TARGET_NAME)";
				SWIFT_VERSION = 5.0;
				TARGETED_DEVICE_FAMILY = "1,2";
			};
			name = Debug;
		};
		A00886A9262D688F00C86BF6 /* Release */ = {
			isa = XCBuildConfiguration;
			buildSettings = {
				ASSETCATALOG_COMPILER_APPICON_NAME = AppIcon;
				ASSETCATALOG_COMPILER_GLOBAL_ACCENT_COLOR_NAME = AccentColor;
				CODE_SIGN_STYLE = Automatic;
				DEVELOPMENT_TEAM = B3PWYBKFUK;
				INFOPLIST_FILE = /Users/gimjigyeong/Desktop/Developer/masters/sidedish/SidedishApp/Info.plist;
				LD_RUNPATH_SEARCH_PATHS = (
					"$(inherited)",
					"@executable_path/Frameworks",
				);
				PRODUCT_BUNDLE_IDENTIFIER = com.Codesquad.SimulatorTest.SidedishApp;
				PRODUCT_NAME = "$(TARGET_NAME)";
				SWIFT_VERSION = 5.0;
				TARGETED_DEVICE_FAMILY = "1,2";
			};
			name = Release;
		};
/* End XCBuildConfiguration section */

/* Begin XCConfigurationList section */
		A008868E262D688E00C86BF6 /* Build configuration list for PBXProject "SidedishApp" */ = {
			isa = XCConfigurationList;
			buildConfigurations = (
				A00886A5262D688F00C86BF6 /* Debug */,
				A00886A6262D688F00C86BF6 /* Release */,
			);
			defaultConfigurationIsVisible = 0;
			defaultConfigurationName = Release;
		};
		A00886A7262D688F00C86BF6 /* Build configuration list for PBXNativeTarget "SidedishApp" */ = {
			isa = XCConfigurationList;
			buildConfigurations = (
				A00886A8262D688F00C86BF6 /* Debug */,
				A00886A9262D688F00C86BF6 /* Release */,
			);
			defaultConfigurationIsVisible = 0;
			defaultConfigurationName = Release;
		};
/* End XCConfigurationList section */
	};
	rootObject = A008868B262D688E00C86BF6 /* Project object */;
}
